{
  "name": "ts-esm-cjs-dual",
  "version": "1.0.0",
  "lockfileVersion": 2,
  "requires": true,
  "packages": {
    "": {
      "name": "ts-esm-cjs-dual",
      "version": "1.0.0",
      "license": "MIT",
      "devDependencies": {
        "typescript": "^4.5.0-dev.20211017"
      }
    },
    "node_modules/typescript": {
      "version": "4.5.0-dev.20211017",
      "resolved": "https://registry.npmjs.org/typescript/-/typescript-4.5.0-dev.20211017.tgz",
      "integrity": "sha512-4+WLjJE9T4+LxlkFm/lyBasSpRjcXwMQ0jqGzrqb0broCTt17luVPaQKl9U1t/nArxbNyuEtgKHMFAelVGRPZA==",
      "dev": true,
      "bin": {
        "tsc": "bin/tsc",
        "tsserver": "bin/tsserver"
      },
      "engines": {
        "node": ">=4.2.0"
      }
    }
  },
  "dependencies": {
    "typescript": {
      "version": "4.5.0-dev.20211017",
      "resolved": "https://registry.npmjs.org/typescript/-/typescript-4.5.0-dev.20211017.tgz",
      "integrity": "sha512-4+WLjJE9T4+LxlkFm/lyBasSpRjcXwMQ0jqGzrqb0broCTt17luVPaQKl9U1t/nArxbNyuEtgKHMFAelVGRPZA==",
      "dev": true
    }
  }
}
